
Microsoft Visual Studio Solution File, Format Version 12.00
# Visual Studio 14
VisualStudioVersion = 14.0.25420.1
MinimumVisualStudioVersion = 10.0.40219.1
Project("{FAE04EC0-301F-11D3-BF4B-00C04F79EFBC}") = "FormsTest", "FormsTest\FormsTest\FormsTest.csproj", "{9DC55373-0358-46BE-A8F9-71EF3DC12E42}"
EndProject
Project("{FAE04EC0-301F-11D3-BF4B-00C04F79EFBC}") = "FormsTest.Droid", "FormsTest\FormsTest.Droid\FormsTest.Droid.csproj", "{5114E8E9-3E4D-4C21-85D9-0B9EA4E3165D}"
EndProject
Project("{FAE04EC0-301F-11D3-BF4B-00C04F79EFBC}") = "FormsTest.iOS", "FormsTest\FormsTest.iOS\FormsTest.iOS.csproj", "{663CDEAB-A9F9-4B46-99CD-F4BF8C91B971}"
EndProject
Project("{FAE04EC0-301F-11D3-BF4B-00C04F79EFBC}") = "FormsTest.UWP", "FormsTest\FormsTest.UWP\FormsTest.UWP.csproj", "{8329A0C3-AC37-482E-8430-D676654E9916}"
EndProject
Global
	GlobalSection(SolutionConfigurationPlatforms) = preSolution
		Ad-Hoc|Any CPU = Ad-Hoc|Any CPU
		Ad-Hoc|ARM = Ad-Hoc|ARM
		Ad-Hoc|iPhone = Ad-Hoc|iPhone
		Ad-Hoc|iPhoneSimulator = Ad-Hoc|iPhoneSimulator
		Ad-Hoc|x64 = Ad-Hoc|x64
		Ad-Hoc|x86 = Ad-Hoc|x86
		AppStore|Any CPU = AppStore|Any CPU
		AppStore|ARM = AppStore|ARM
		AppStore|iPhone = AppStore|iPhone
		AppStore|iPhoneSimulator = AppStore|iPhoneSimulator
		AppStore|x64 = AppStore|x64
		AppStore|x86 = AppStore|x86
		Debug|Any CPU = Debug|Any CPU
		Debug|ARM = Debug|ARM
		Debug|iPhone = Debug|iPhone
		Debug|iPhoneSimulator = Debug|iPhoneSimulator
		Debug|x64 = Debug|x64
		Debug|x86 = Debug|x86
		Release|Any CPU = Release|Any CPU
		Release|ARM = Release|ARM
		Release|iPhone = Release|iPhone
		Release|iPhoneSimulator = Release|iPhoneSimulator
		Release|x64 = Release|x64
		Release|x86 = Release|x86
	EndGlobalSection
	GlobalSection(ProjectConfigurationPlatforms) = postSolution
		{9DC55373-0358-46BE-A8F9-71EF3DC12E42}.Ad-Hoc|Any CPU.ActiveCfg = Release|Any CPU
		{9DC55373-0358-46BE-A8F9-71EF3DC12E42}.Ad-Hoc|Any CPU.Build.0 = Release|Any CPU
		{9DC55373-0358-46BE-A8F9-71EF3DC12E42}.Ad-Hoc|ARM.ActiveCfg = Release|Any CPU
		{9DC55373-0358-46BE-A8F9-71EF3DC12E42}.Ad-Hoc|ARM.Build.0 = Release|Any CPU
		{9DC55373-0358-46BE-A8F9-71EF3DC12E42}.Ad-Hoc|iPhone.ActiveCfg = Release|Any CPU
		{9DC55373-0358-46BE-A8F9-71EF3DC12E42}.Ad-Hoc|iPhone.Build.0 = Release|Any CPU
		{9DC55373-0358-46BE-A8F9-71EF3DC12E42}.Ad-Hoc|iPhoneSimulator.ActiveCfg = Release|Any CPU
		{9DC55373-0358-46BE-A8F9-71EF3DC12E42}.Ad-Hoc|iPhoneSimulator.Build.0 = Release|Any CPU
		{9DC55373-0358-46BE-A8F9-71EF3DC12E42}.Ad-Hoc|x64.ActiveCfg = Release|Any CPU
		{9DC55373-0358-46BE-A8F9-71EF3DC12E42}.Ad-Hoc|x64.Build.0 = Release|Any CPU
		{9DC55373-0358-46BE-A8F9-71EF3DC12E42}.Ad-Hoc|x86.ActiveCfg = Release|Any CPU
		{9DC55373-0358-46BE-A8F9-71EF3DC12E42}.Ad-Hoc|x86.Build.0 = Release|Any CPU
		{9DC55373-0358-46BE-A8F9-71EF3DC12E42}.AppStore|Any CPU.ActiveCfg = Release|Any CPU
		{9DC55373-0358-46BE-A8F9-71EF3DC12E42}.AppStore|Any CPU.Build.0 = Release|Any CPU
		{9DC55373-0358-46BE-A8F9-71EF3DC12E42}.AppStore|ARM.ActiveCfg = Release|Any CPU
		{9DC55373-0358-46BE-A8F9-71EF3DC12E42}.AppStore|ARM.Build.0 = Release|Any CPU
		{9DC55373-0358-46BE-A8F9-71EF3DC12E42}.AppStore|iPhone.ActiveCfg = Release|Any CPU
		{9DC55373-0358-46BE-A8F9-71EF3DC12E42}.AppStore|iPhone.Build.0 = Release|Any CPU
		{9DC55373-0358-46BE-A8F9-71EF3DC12E42}.AppStore|iPhoneSimulator.ActiveCfg = Release|Any CPU
		{9DC55373-0358-46BE-A8F9-71EF3DC12E42}.AppStore|iPhoneSimulator.Build.0 = Release|Any CPU
		{9DC55373-0358-46BE-A8F9-71EF3DC12E42}.AppStore|x64.ActiveCfg = Release|Any CPU
		{9DC55373-0358-46BE-A8F9-71EF3DC12E42}.AppStore|x64.Build.0 = Release|Any CPU
		{9DC55373-0358-46BE-A8F9-71EF3DC12E42}.AppStore|x86.ActiveCfg = Release|Any CPU
		{9DC55373-0358-46BE-A8F9-71EF3DC12E42}.AppStore|x86.Build.0 = Release|Any CPU
		{9DC55373-0358-46BE-A8F9-71EF3DC12E42}.Debug|Any CPU.ActiveCfg = Debug|Any CPU
		{9DC55373-0358-46BE-A8F9-71EF3DC12E42}.Debug|Any CPU.Build.0 = Debug|Any CPU
		{9DC55373-0358-46BE-A8F9-71EF3DC12E42}.Debug|ARM.ActiveCfg = Debug|Any CPU
		{9DC55373-0358-46BE-A8F9-71EF3DC12E42}.Debug|ARM.Build.0 = Debug|Any CPU
		{9DC55373-0358-46BE-A8F9-71EF3DC12E42}.Debug|iPhone.ActiveCfg = Debug|Any CPU
		{9DC55373-0358-46BE-A8F9-71EF3DC12E42}.Debug|iPhone.Build.0 = Debug|Any CPU
		{9DC55373-0358-46BE-A8F9-71EF3DC12E42}.Debug|iPhoneSimulator.ActiveCfg = Debug|Any CPU
		{9DC55373-0358-46BE-A8F9-71EF3DC12E42}.Debug|iPhoneSimulator.Build.0 = Debug|Any CPU
		{9DC55373-0358-46BE-A8F9-71EF3DC12E42}.Debug|x64.ActiveCfg = Debug|Any CPU
		{9DC55373-0358-46BE-A8F9-71EF3DC12E42}.Debug|x64.Build.0 = Debug|Any CPU
		{9DC55373-0358-46BE-A8F9-71EF3DC12E42}.Debug|x86.ActiveCfg = Debug|Any CPU
		{9DC55373-0358-46BE-A8F9-71EF3DC12E42}.Debug|x86.Build.0 = Debug|Any CPU
		{9DC55373-0358-46BE-A8F9-71EF3DC12E42}.Release|Any CPU.ActiveCfg = Release|Any CPU
		{9DC55373-0358-46BE-A8F9-71EF3DC12E42}.Release|Any CPU.Build.0 = Release|Any CPU
		{9DC55373-0358-46BE-A8F9-71EF3DC12E42}.Release|ARM.ActiveCfg = Release|Any CPU
		{9DC55373-0358-46BE-A8F9-71EF3DC12E42}.Release|ARM.Build.0 = Release|Any CPU
		{9DC55373-0358-46BE-A8F9-71EF3DC12E42}.Release|iPhone.ActiveCfg = Release|Any CPU
		{9DC55373-0358-46BE-A8F9-71EF3DC12E42}.Release|iPhone.Build.0 = Release|Any CPU
		{9DC55373-0358-46BE-A8F9-71EF3DC12E42}.Release|iPhoneSimulator.ActiveCfg = Release|Any CPU
		{9DC55373-0358-46BE-A8F9-71EF3DC12E42}.Release|iPhoneSimulator.Build.0 = Release|Any CPU
		{9DC55373-0358-46BE-A8F9-71EF3DC12E42}.Release|x64.ActiveCfg = Release|Any CPU
		{9DC55373-0358-46BE-A8F9-71EF3DC12E42}.Release|x64.Build.0 = Release|Any CPU
		{9DC55373-0358-46BE-A8F9-71EF3DC12E42}.Release|x86.ActiveCfg = Release|Any CPU
		{9DC55373-0358-46BE-A8F9-71EF3DC12E42}.Release|x86.Build.0 = Release|Any CPU
		{5114E8E9-3E4D-4C21-85D9-0B9EA4E3165D}.Ad-Hoc|Any CPU.ActiveCfg = Release|Any CPU
		{5114E8E9-3E4D-4C21-85D9-0B9EA4E3165D}.Ad-Hoc|Any CPU.Build.0 = Release|Any CPU
		{5114E8E9-3E4D-4C21-85D9-0B9EA4E3165D}.Ad-Hoc|Any CPU.Deploy.0 = Release|Any CPU
		{5114E8E9-3E4D-4C21-85D9-0B9EA4E3165D}.Ad-Hoc|ARM.ActiveCfg = Release|Any CPU
		{5114E8E9-3E4D-4C21-85D9-0B9EA4E3165D}.Ad-Hoc|ARM.Build.0 = Release|Any CPU
		{5114E8E9-3E4D-4C21-85D9-0B9EA4E3165D}.Ad-Hoc|ARM.Deploy.0 = Release|Any CPU
		{5114E8E9-3E4D-4C21-85D9-0B9EA4E3165D}.Ad-Hoc|iPhone.ActiveCfg = Release|Any CPU
		{5114E8E9-3E4D-4C21-85D9-0B9EA4E3165D}.Ad-Hoc|iPhone.Build.0 = Release|Any CPU
		{5114E8E9-3E4D-4C21-85D9-0B9EA4E3165D}.Ad-Hoc|iPhone.Deploy.0 = Release|Any CPU
		{5114E8E9-3E4D-4C21-85D9-0B9EA4E3165D}.Ad-Hoc|iPhoneSimulator.ActiveCfg = Release|Any CPU
		{5114E8E9-3E4D-4C21-85D9-0B9EA4E3165D}.Ad-Hoc|iPhoneSimulator.Build.0 = Release|Any CPU
		{5114E8E9-3E4D-4C21-85D9-0B9EA4E3165D}.Ad-Hoc|iPhoneSimulator.Deploy.0 = Release|Any CPU
		{5114E8E9-3E4D-4C21-85D9-0B9EA4E3165D}.Ad-Hoc|x64.ActiveCfg = Release|Any CPU
		{5114E8E9-3E4D-4C21-85D9-0B9EA4E3165D}.Ad-Hoc|x64.Build.0 = Release|Any CPU
		{5114E8E9-3E4D-4C21-85D9-0B9EA4E3165D}.Ad-Hoc|x64.Deploy.0 = Release|Any CPU
		{5114E8E9-3E4D-4C21-85D9-0B9EA4E3165D}.Ad-Hoc|x86.ActiveCfg = Release|Any CPU
		{5114E8E9-3E4D-4C21-85D9-0B9EA4E3165D}.Ad-Hoc|x86.Build.0 = Release|Any CPU
		{5114E8E9-3E4D-4C21-85D9-0B9EA4E3165D}.Ad-Hoc|x86.Deploy.0 = Release|Any CPU
		{5114E8E9-3E4D-4C21-85D9-0B9EA4E3165D}.AppStore|Any CPU.ActiveCfg = Release|Any CPU
		{5114E8E9-3E4D-4C21-85D9-0B9EA4E3165D}.AppStore|Any CPU.Build.0 = Release|Any CPU
		{5114E8E9-3E4D-4C21-85D9-0B9EA4E3165D}.AppStore|Any CPU.Deploy.0 = Release|Any CPU
		{5114E8E9-3E4D-4C21-85D9-0B9EA4E3165D}.AppStore|ARM.ActiveCfg = Release|Any CPU
		{5114E8E9-3E4D-4C21-85D9-0B9EA4E3165D}.AppStore|ARM.Build.0 = Release|Any CPU
		{5114E8E9-3E4D-4C21-85D9-0B9EA4E3165D}.AppStore|ARM.Deploy.0 = Release|Any CPU
		{5114E8E9-3E4D-4C21-85D9-0B9EA4E3165D}.AppStore|iPhone.ActiveCfg = Release|Any CPU
		{5114E8E9-3E4D-4C21-85D9-0B9EA4E3165D}.AppStore|iPhone.Build.0 = Release|Any CPU
		{5114E8E9-3E4D-4C21-85D9-0B9EA4E3165D}.AppStore|iPhone.Deploy.0 = Release|Any CPU
		{5114E8E9-3E4D-4C21-85D9-0B9EA4E3165D}.AppStore|iPhoneSimulator.ActiveCfg = Release|Any CPU
		{5114E8E9-3E4D-4C21-85D9-0B9EA4E3165D}.AppStore|iPhoneSimulator.Build.0 = Release|Any CPU
		{5114E8E9-3E4D-4C21-85D9-0B9EA4E3165D}.AppStore|iPhoneSimulator.Deploy.0 = Release|Any CPU
		{5114E8E9-3E4D-4C21-85D9-0B9EA4E3165D}.AppStore|x64.ActiveCfg = Release|Any CPU
		{5114E8E9-3E4D-4C21-85D9-0B9EA4E3165D}.AppStore|x64.Build.0 = Release|Any CPU
		{5114E8E9-3E4D-4C21-85D9-0B9EA4E3165D}.AppStore|x64.Deploy.0 = Release|Any CPU
		{5114E8E9-3E4D-4C21-85D9-0B9EA4E3165D}.AppStore|x86.ActiveCfg = Release|Any CPU
		{5114E8E9-3E4D-4C21-85D9-0B9EA4E3165D}.AppStore|x86.Build.0 = Release|Any CPU
		{5114E8E9-3E4D-4C21-85D9-0B9EA4E3165D}.AppStore|x86.Deploy.0 = Release|Any CPU
		{5114E8E9-3E4D-4C21-85D9-0B9EA4E3165D}.Debug|Any CPU.ActiveCfg = Debug|Any CPU
		{5114E8E9-3E4D-4C21-85D9-0B9EA4E3165D}.Debug|Any CPU.Build.0 = Debug|Any CPU
		{5114E8E9-3E4D-4C21-85D9-0B9EA4E3165D}.Debug|Any CPU.Deploy.0 = Debug|Any CPU
		{5114E8E9-3E4D-4C21-85D9-0B9EA4E3165D}.Debug|ARM.ActiveCfg = Debug|Any CPU
		{5114E8E9-3E4D-4C21-85D9-0B9EA4E3165D}.Debug|ARM.Build.0 = Debug|Any CPU
		{5114E8E9-3E4D-4C21-85D9-0B9EA4E3165D}.Debug|ARM.Deploy.0 = Debug|Any CPU
		{5114E8E9-3E4D-4C21-85D9-0B9EA4E3165D}.Debug|iPhone.ActiveCfg = Debug|Any CPU
		{5114E8E9-3E4D-4C21-85D9-0B9EA4E3165D}.Debug|iPhone.Build.0 = Debug|Any CPU
		{5114E8E9-3E4D-4C21-85D9-0B9EA4E3165D}.Debug|iPhone.Deploy.0 = Debug|Any CPU
		{5114E8E9-3E4D-4C21-85D9-0B9EA4E3165D}.Debug|iPhoneSimulator.ActiveCfg = Debug|Any CPU
		{5114E8E9-3E4D-4C21-85D9-0B9EA4E3165D}.Debug|iPhoneSimulator.Build.0 = Debug|Any CPU
		{5114E8E9-3E4D-4C21-85D9-0B9EA4E3165D}.Debug|iPhoneSimulator.Deploy.0 = Debug|Any CPU
		{5114E8E9-3E4D-4C21-85D9-0B9EA4E3165D}.Debug|x64.ActiveCfg = Debug|Any CPU
		{5114E8E9-3E4D-4C21-85D9-0B9EA4E3165D}.Debug|x64.Build.0 = Debug|Any CPU
		{5114E8E9-3E4D-4C21-85D9-0B9EA4E3165D}.Debug|x64.Deploy.0 = Debug|Any CPU
		{5114E8E9-3E4D-4C21-85D9-0B9EA4E3165D}.Debug|x86.ActiveCfg = Debug|Any CPU
		{5114E8E9-3E4D-4C21-85D9-0B9EA4E3165D}.Debug|x86.Build.0 = Debug|Any CPU
		{5114E8E9-3E4D-4C21-85D9-0B9EA4E3165D}.Debug|x86.Deploy.0 = Debug|Any CPU
		{5114E8E9-3E4D-4C21-85D9-0B9EA4E3165D}.Release|Any CPU.ActiveCfg = Release|Any CPU
		{5114E8E9-3E4D-4C21-85D9-0B9EA4E3165D}.Release|Any CPU.Build.0 = Release|Any CPU
		{5114E8E9-3E4D-4C21-85D9-0B9EA4E3165D}.Release|Any CPU.Deploy.0 = Release|Any CPU
		{5114E8E9-3E4D-4C21-85D9-0B9EA4E3165D}.Release|ARM.ActiveCfg = Release|Any CPU
		{5114E8E9-3E4D-4C21-85D9-0B9EA4E3165D}.Release|ARM.Build.0 = Release|Any CPU
		{5114E8E9-3E4D-4C21-85D9-0B9EA4E3165D}.Release|ARM.Deploy.0 = Release|Any CPU
		{5114E8E9-3E4D-4C21-85D9-0B9EA4E3165D}.Release|iPhone.ActiveCfg = Release|Any CPU
		{5114E8E9-3E4D-4C21-85D9-0B9EA4E3165D}.Release|iPhone.Build.0 = Release|Any CPU
		{5114E8E9-3E4D-4C21-85D9-0B9EA4E3165D}.Release|iPhone.Deploy.0 = Release|Any CPU
		{5114E8E9-3E4D-4C21-85D9-0B9EA4E3165D}.Release|iPhoneSimulator.ActiveCfg = Release|Any CPU
		{5114E8E9-3E4D-4C21-85D9-0B9EA4E3165D}.Release|iPhoneSimulator.Build.0 = Release|Any CPU
		{5114E8E9-3E4D-4C21-85D9-0B9EA4E3165D}.Release|iPhoneSimulator.Deploy.0 = Release|Any CPU
		{5114E8E9-3E4D-4C21-85D9-0B9EA4E3165D}.Release|x64.ActiveCfg = Release|Any CPU
		{5114E8E9-3E4D-4C21-85D9-0B9EA4E3165D}.Release|x64.Build.0 = Release|Any CPU
		{5114E8E9-3E4D-4C21-85D9-0B9EA4E3165D}.Release|x64.Deploy.0 = Release|Any CPU
		{5114E8E9-3E4D-4C21-85D9-0B9EA4E3165D}.Release|x86.ActiveCfg = Release|Any CPU
		{5114E8E9-3E4D-4C21-85D9-0B9EA4E3165D}.Release|x86.Build.0 = Release|Any CPU
		{5114E8E9-3E4D-4C21-85D9-0B9EA4E3165D}.Release|x86.Deploy.0 = Release|Any CPU
		{663CDEAB-A9F9-4B46-99CD-F4BF8C91B971}.Ad-Hoc|Any CPU.ActiveCfg = Ad-Hoc|iPhone
		{663CDEAB-A9F9-4B46-99CD-F4BF8C91B971}.Ad-Hoc|ARM.ActiveCfg = Ad-Hoc|iPhone
		{663CDEAB-A9F9-4B46-99CD-F4BF8C91B971}.Ad-Hoc|iPhone.ActiveCfg = Ad-Hoc|iPhone
		{663CDEAB-A9F9-4B46-99CD-F4BF8C91B971}.Ad-Hoc|iPhone.Build.0 = Ad-Hoc|iPhone
		{663CDEAB-A9F9-4B46-99CD-F4BF8C91B971}.Ad-Hoc|iPhoneSimulator.ActiveCfg = Ad-Hoc|iPhoneSimulator
		{663CDEAB-A9F9-4B46-99CD-F4BF8C91B971}.Ad-Hoc|iPhoneSimulator.Build.0 = Ad-Hoc|iPhoneSimulator
		{663CDEAB-A9F9-4B46-99CD-F4BF8C91B971}.Ad-Hoc|x64.ActiveCfg = Ad-Hoc|iPhone
		{663CDEAB-A9F9-4B46-99CD-F4BF8C91B971}.Ad-Hoc|x86.ActiveCfg = Ad-Hoc|iPhone
		{663CDEAB-A9F9-4B46-99CD-F4BF8C91B971}.AppStore|Any CPU.ActiveCfg = AppStore|iPhone
		{663CDEAB-A9F9-4B46-99CD-F4BF8C91B971}.AppStore|ARM.ActiveCfg = AppStore|iPhone
		{663CDEAB-A9F9-4B46-99CD-F4BF8C91B971}.AppStore|iPhone.ActiveCfg = AppStore|iPhone
		{663CDEAB-A9F9-4B46-99CD-F4BF8C91B971}.AppStore|iPhone.Build.0 = AppStore|iPhone
		{663CDEAB-A9F9-4B46-99CD-F4BF8C91B971}.AppStore|iPhoneSimulator.ActiveCfg = AppStore|iPhoneSimulator
		{663CDEAB-A9F9-4B46-99CD-F4BF8C91B971}.AppStore|iPhoneSimulator.Build.0 = AppStore|iPhoneSimulator
		{663CDEAB-A9F9-4B46-99CD-F4BF8C91B971}.AppStore|x64.ActiveCfg = AppStore|iPhone
		{663CDEAB-A9F9-4B46-99CD-F4BF8C91B971}.AppStore|x86.ActiveCfg = AppStore|iPhone
		{663CDEAB-A9F9-4B46-99CD-F4BF8C91B971}.Debug|Any CPU.ActiveCfg = Debug|iPhone
		{663CDEAB-A9F9-4B46-99CD-F4BF8C91B971}.Debug|ARM.ActiveCfg = Debug|iPhone
		{663CDEAB-A9F9-4B46-99CD-F4BF8C91B971}.Debug|iPhone.ActiveCfg = Debug|iPhone
		{663CDEAB-A9F9-4B46-99CD-F4BF8C91B971}.Debug|iPhone.Build.0 = Debug|iPhone
		{663CDEAB-A9F9-4B46-99CD-F4BF8C91B971}.Debug|iPhoneSimulator.ActiveCfg = Debug|iPhoneSimulator
		{663CDEAB-A9F9-4B46-99CD-F4BF8C91B971}.Debug|iPhoneSimulator.Build.0 = Debug|iPhoneSimulator
		{663CDEAB-A9F9-4B46-99CD-F4BF8C91B971}.Debug|x64.ActiveCfg = Debug|iPhone
		{663CDEAB-A9F9-4B46-99CD-F4BF8C91B971}.Debug|x86.ActiveCfg = Debug|iPhone
		{663CDEAB-A9F9-4B46-99CD-F4BF8C91B971}.Release|Any CPU.ActiveCfg = Release|iPhone
		{663CDEAB-A9F9-4B46-99CD-F4BF8C91B971}.Release|ARM.ActiveCfg = Release|iPhone
		{663CDEAB-A9F9-4B46-99CD-F4BF8C91B971}.Release|iPhone.ActiveCfg = Release|iPhone
		{663CDEAB-A9F9-4B46-99CD-F4BF8C91B971}.Release|iPhone.Build.0 = Release|iPhone
		{663CDEAB-A9F9-4B46-99CD-F4BF8C91B971}.Release|iPhoneSimulator.ActiveCfg = Release|iPhoneSimulator
		{663CDEAB-A9F9-4B46-99CD-F4BF8C91B971}.Release|iPhoneSimulator.Build.0 = Release|iPhoneSimulator
		{663CDEAB-A9F9-4B46-99CD-F4BF8C91B971}.Release|x64.ActiveCfg = Release|iPhone
		{663CDEAB-A9F9-4B46-99CD-F4BF8C91B971}.Release|x86.ActiveCfg = Release|iPhone
		{8329A0C3-AC37-482E-8430-D676654E9916}.Ad-Hoc|Any CPU.ActiveCfg = Release|x86
		{8329A0C3-AC37-482E-8430-D676654E9916}.Ad-Hoc|Any CPU.Build.0 = Release|x86
		{8329A0C3-AC37-482E-8430-D676654E9916}.Ad-Hoc|Any CPU.Deploy.0 = Release|x86
		{8329A0C3-AC37-482E-8430-D676654E9916}.Ad-Hoc|ARM.ActiveCfg = Release|ARM
		{8329A0C3-AC37-482E-8430-D676654E9916}.Ad-Hoc|ARM.Build.0 = Release|ARM
		{8329A0C3-AC37-482E-8430-D676654E9916}.Ad-Hoc|ARM.Deploy.0 = Release|ARM
		{8329A0C3-AC37-482E-8430-D676654E9916}.Ad-Hoc|iPhone.ActiveCfg = Release|x86
		{8329A0C3-AC37-482E-8430-D676654E9916}.Ad-Hoc|iPhone.Build.0 = Release|x86
		{8329A0C3-AC37-482E-8430-D676654E9916}.Ad-Hoc|iPhone.Deploy.0 = Release|x86
		{8329A0C3-AC37-482E-8430-D676654E9916}.Ad-Hoc|iPhoneSimulator.ActiveCfg = Release|x86
		{8329A0C3-AC37-482E-8430-D676654E9916}.Ad-Hoc|iPhoneSimulator.Build.0 = Release|x86
		{8329A0C3-AC37-482E-8430-D676654E9916}.Ad-Hoc|iPhoneSimulator.Deploy.0 = Release|x86
		{8329A0C3-AC37-482E-8430-D676654E9916}.Ad-Hoc|x64.ActiveCfg = Release|x64
		{8329A0C3-AC37-482E-8430-D676654E9916}.Ad-Hoc|x64.Build.0 = Release|x64
		{8329A0C3-AC37-482E-8430-D676654E9916}.Ad-Hoc|x64.Deploy.0 = Release|x64
		{8329A0C3-AC37-482E-8430-D676654E9916}.Ad-Hoc|x86.ActiveCfg = Release|x86
		{8329A0C3-AC37-482E-8430-D676654E9916}.Ad-Hoc|x86.Build.0 = Release|x86
		{8329A0C3-AC37-482E-8430-D676654E9916}.Ad-Hoc|x86.Deploy.0 = Release|x86
		{8329A0C3-AC37-482E-8430-D676654E9916}.AppStore|Any CPU.ActiveCfg = Release|x86
		{8329A0C3-AC37-482E-8430-D676654E9916}.AppStore|Any CPU.Build.0 = Release|x86
		{8329A0C3-AC37-482E-8430-D676654E9916}.AppStore|Any CPU.Deploy.0 = Release|x86
		{8329A0C3-AC37-482E-8430-D676654E9916}.AppStore|ARM.ActiveCfg = Release|ARM
		{8329A0C3-AC37-482E-8430-D676654E9916}.AppStore|ARM.Build.0 = Release|ARM
		{8329A0C3-AC37-482E-8430-D676654E9916}.AppStore|ARM.Deploy.0 = Release|ARM
		{8329A0C3-AC37-482E-8430-D676654E9916}.AppStore|iPhone.ActiveCfg = Release|x86
		{8329A0C3-AC37-482E-8430-D676654E9916}.AppStore|iPhone.Build.0 = Release|x86
		{8329A0C3-AC37-482E-8430-D676654E9916}.AppStore|iPhone.Deploy.0 = Release|x86
		{8329A0C3-AC37-482E-8430-D676654E9916}.AppStore|iPhoneSimulator.ActiveCfg = Release|x86
		{8329A0C3-AC37-482E-8430-D676654E9916}.AppStore|iPhoneSimulator.Build.0 = Release|x86
		{8329A0C3-AC37-482E-8430-D676654E9916}.AppStore|iPhoneSimulator.Deploy.0 = Release|x86
		{8329A0C3-AC37-482E-8430-D676654E9916}.AppStore|x64.ActiveCfg = Release|x64
		{8329A0C3-AC37-482E-8430-D676654E9916}.AppStore|x64.Build.0 = Release|x64
		{8329A0C3-AC37-482E-8430-D676654E9916}.AppStore|x64.Deploy.0 = Release|x64
		{8329A0C3-AC37-482E-8430-D676654E9916}.AppStore|x86.ActiveCfg = Release|x86
		{8329A0C3-AC37-482E-8430-D676654E9916}.AppStore|x86.Build.0 = Release|x86
		{8329A0C3-AC37-482E-8430-D676654E9916}.AppStore|x86.Deploy.0 = Release|x86
		{8329A0C3-AC37-482E-8430-D676654E9916}.Debug|Any CPU.ActiveCfg = Debug|x86
		{8329A0C3-AC37-482E-8430-D676654E9916}.Debug|Any CPU.Build.0 = Debug|x86
		{8329A0C3-AC37-482E-8430-D676654E9916}.Debug|Any CPU.Deploy.0 = Debug|x86
		{8329A0C3-AC37-482E-8430-D676654E9916}.Debug|ARM.ActiveCfg = Debug|ARM
		{8329A0C3-AC37-482E-8430-D676654E9916}.Debug|ARM.Build.0 = Debug|ARM
		{8329A0C3-AC37-482E-8430-D676654E9916}.Debug|ARM.Deploy.0 = Debug|ARM
		{8329A0C3-AC37-482E-8430-D676654E9916}.Debug|iPhone.ActiveCfg = Debug|x86
		{8329A0C3-AC37-482E-8430-D676654E9916}.Debug|iPhoneSimulator.ActiveCfg = Debug|x86
		{8329A0C3-AC37-482E-8430-D676654E9916}.Debug|x64.ActiveCfg = Debug|x64
		{8329A0C3-AC37-482E-8430-D676654E9916}.Debug|x64.Build.0 = Debug|x64
		{8329A0C3-AC37-482E-8430-D676654E9916}.Debug|x64.Deploy.0 = Debug|x64
		{8329A0C3-AC37-482E-8430-D676654E9916}.Debug|x86.ActiveCfg = Debug|x86
		{8329A0C3-AC37-482E-8430-D676654E9916}.Debug|x86.Build.0 = Debug|x86
		{8329A0C3-AC37-482E-8430-D676654E9916}.Debug|x86.Deploy.0 = Debug|x86
		{8329A0C3-AC37-482E-8430-D676654E9916}.Release|Any CPU.ActiveCfg = Release|x86
		{8329A0C3-AC37-482E-8430-D676654E9916}.Release|ARM.ActiveCfg = Release|ARM
		{8329A0C3-AC37-482E-8430-D676654E9916}.Release|ARM.Build.0 = Release|ARM
		{8329A0C3-AC37-482E-8430-D676654E9916}.Release|ARM.Deploy.0 = Release|ARM
		{8329A0C3-AC37-482E-8430-D676654E9916}.Release|iPhone.ActiveCfg = Release|x86
		{8329A0C3-AC37-482E-8430-D676654E9916}.Release|iPhoneSimulator.ActiveCfg = Release|x86
		{8329A0C3-AC37-482E-8430-D676654E9916}.Release|x64.ActiveCfg = Release|x64
		{8329A0C3-AC37-482E-8430-D676654E9916}.Release|x64.Build.0 = Release|x64
		{8329A0C3-AC37-482E-8430-D676654E9916}.Release|x64.Deploy.0 = Release|x64
		{8329A0C3-AC37-482E-8430-D676654E9916}.Release|x86.ActiveCfg = Release|x86
		{8329A0C3-AC37-482E-8430-D676654E9916}.Release|x86.Build.0 = Release|x86
		{8329A0C3-AC37-482E-8430-D676654E9916}.Release|x86.Deploy.0 = Release|x86
	EndGlobalSection
	GlobalSection(SolutionProperties) = preSolution
		HideSolutionNode = FALSE
	EndGlobalSection
EndGlobal
